
Microsoft Visual Studio Solution File, Format Version 12.00
# Visual Studio Version 17
VisualStudioVersion = 17.4.33213.308
MinimumVisualStudioVersion = 10.0.40219.1
Project("{FAE04EC0-301F-11D3-BF4B-00C04F79EFBC}") = "Loaner", "Loaner\Loaner.csproj", "{59F1466A-7564-48AF-BBA2-1A0826BFD66C}"
EndProject
Global
	GlobalSection(SolutionConfigurationPlatforms) = preSolution
		Debug|Any CPU = Debug|Any CPU
		Release|Any CPU = Release|Any CPU
	EndGlobalSection
	GlobalSection(ProjectConfigurationPlatforms) = postSolution
		{59F1466A-7564-48AF-BBA2-1A0826BFD66C}.Debug|Any CPU.ActiveCfg = Debug|Any CPU
		{59F1466A-7564-48AF-BBA2-1A0826BFD66C}.Debug|Any CPU.Build.0 = Debug|Any CPU
		{59F1466A-7564-48AF-BBA2-1A0826BFD66C}.Release|Any CPU.ActiveCfg = Release|Any CPU
		{59F1466A-7564-48AF-BBA2-1A0826BFD66C}.Release|Any CPU.Build.0 = Release|Any CPU
	EndGlobalSection
	GlobalSection(SolutionProperties) = preSolution
		HideSolutionNode = FALSE
	EndGlobalSection
	GlobalSection(ExtensibilityGlobals) = postSolution
		SolutionGuid = {164F4A1F-567C-4CC2-9488-63CB860B124F}
	EndGlobalSection
EndGlobal
